
Microsoft Visual Studio Solution File, Format Version 12.00
Project("{FAE04EC0-301F-11D3-BF4B-00C04F79EFBC}") = "Lab_05", "Lab_05\Lab_05.csproj", "{0A92A877-B22C-4D3E-ABB8-F07D83953A96}"
EndProject
Project("{FAE04EC0-301F-11D3-BF4B-00C04F79EFBC}") = "HomeAssignment", "HomeAssignment\HomeAssignment.csproj", "{F825C750-48A6-497F-84CD-04D1BEF14DC1}"
EndProject
Global
	GlobalSection(SolutionConfigurationPlatforms) = preSolution
		Debug|Any CPU = Debug|Any CPU
		Release|Any CPU = Release|Any CPU
	EndGlobalSection
	GlobalSection(ProjectConfigurationPlatforms) = postSolution
		{0A92A877-B22C-4D3E-ABB8-F07D83953A96}.Debug|Any CPU.ActiveCfg = Debug|Any CPU
		{0A92A877-B22C-4D3E-ABB8-F07D83953A96}.Debug|Any CPU.Build.0 = Debug|Any CPU
		{0A92A877-B22C-4D3E-ABB8-F07D83953A96}.Release|Any CPU.ActiveCfg = Release|Any CPU
		{0A92A877-B22C-4D3E-ABB8-F07D83953A96}.Release|Any CPU.Build.0 = Release|Any CPU
		{F825C750-48A6-497F-84CD-04D1BEF14DC1}.Debug|Any CPU.ActiveCfg = Debug|Any CPU
		{F825C750-48A6-497F-84CD-04D1BEF14DC1}.Debug|Any CPU.Build.0 = Debug|Any CPU
		{F825C750-48A6-497F-84CD-04D1BEF14DC1}.Release|Any CPU.ActiveCfg = Release|Any CPU
		{F825C750-48A6-497F-84CD-04D1BEF14DC1}.Release|Any CPU.Build.0 = Release|Any CPU
	EndGlobalSection
EndGlobal
